
Microsoft Visual Studio Solution File, Format Version 12.00
# Visual Studio Version 16
VisualStudioVersion = 16.0.32602.291
MinimumVisualStudioVersion = 10.0.40219.1
Project("{FAE04EC0-301F-11D3-BF4B-00C04F79EFBC}") = "Ejercicio25Pastoriza", "Ejercicio25Pastoriza\Ejercicio25Pastoriza.csproj", "{8DA632B5-2FEF-4836-91B1-79A34B95EF9D}"
EndProject
Global
	GlobalSection(SolutionConfigurationPlatforms) = preSolution
		Debug|Any CPU = Debug|Any CPU
		Release|Any CPU = Release|Any CPU
	EndGlobalSection
	GlobalSection(ProjectConfigurationPlatforms) = postSolution
		{8DA632B5-2FEF-4836-91B1-79A34B95EF9D}.Debug|Any CPU.ActiveCfg = Debug|Any CPU
		{8DA632B5-2FEF-4836-91B1-79A34B95EF9D}.Debug|Any CPU.Build.0 = Debug|Any CPU
		{8DA632B5-2FEF-4836-91B1-79A34B95EF9D}.Release|Any CPU.ActiveCfg = Release|Any CPU
		{8DA632B5-2FEF-4836-91B1-79A34B95EF9D}.Release|Any CPU.Build.0 = Release|Any CPU
	EndGlobalSection
	GlobalSection(SolutionProperties) = preSolution
		HideSolutionNode = FALSE
	EndGlobalSection
	GlobalSection(ExtensibilityGlobals) = postSolution
		SolutionGuid = {2175C0E0-C911-47BA-8D52-275325D4BABA}
	EndGlobalSection
EndGlobal
